
Microsoft Visual Studio Solution File, Format Version 12.00
# Visual Studio Version 17
VisualStudioVersion = 17.9.34723.18
MinimumVisualStudioVersion = 10.0.40219.1
Project("{2150E333-8FDC-42A3-9474-1A3956D46DE8}") = "src", "src", "{BC857A07-E75F-4F5D-A4C5-077FA2FFDC87}"
EndProject
Project("{2150E333-8FDC-42A3-9474-1A3956D46DE8}") = "Sqs", "Sqs", "{CBEED992-D62E-433C-AE0D-A1A7C8FF9AC1}"
EndProject
Project("{9A19103F-16F7-4668-BE54-9A1E7A4F7556}") = "Shared", "src\Shared\Shared.csproj", "{355D69DA-B732-4661-BAC6-85B8D292B051}"
EndProject
Project("{9A19103F-16F7-4668-BE54-9A1E7A4F7556}") = "Customers.Contracts", "src\Customers.Contracts\Customers.Contracts.csproj", "{4297BD8D-7AE6-4C3D-92CF-75B803D20841}"
EndProject
Project("{9A19103F-16F7-4668-BE54-9A1E7A4F7556}") = "Customers.Api", "src\Customers.Api\Customers.Api.csproj", "{A02A5A52-9E50-4DD6-9DC8-C3330CAC4839}"
EndProject
Project("{9A19103F-16F7-4668-BE54-9A1E7A4F7556}") = "Customers.Consumer", "src\Customers.Consumer\Customers.Consumer.csproj", "{831A5969-6406-496B-8A7B-2373BBA9B44F}"
EndProject
Project("{2150E333-8FDC-42A3-9474-1A3956D46DE8}") = "Sns", "Sns", "{1C62A9ED-9527-43FE-9036-197C8A3C4B42}"
EndProject
Project("{9A19103F-16F7-4668-BE54-9A1E7A4F7556}") = "Sns.Publisher.Example", "src\Sns.Publisher.Example\Sns.Publisher.Example.csproj", "{BB366434-FBCA-4346-8C3B-46971612390C}"
EndProject
Project("{2150E333-8FDC-42A3-9474-1A3956D46DE8}") = "S3", "S3", "{6EE6CD92-B848-491A-97D3-A7BEC2F18A00}"
EndProject
Project("{9A19103F-16F7-4668-BE54-9A1E7A4F7556}") = "S3.Playground", "src\S3.Playground\S3.Playground.csproj", "{C3966CF3-2126-4F4E-B3B0-4EF7D235EEC8}"
EndProject
Project("{2150E333-8FDC-42A3-9474-1A3956D46DE8}") = "SecretsManager", "SecretsManager", "{E81C4494-DB2A-444A-971A-CEF8C2885EFA}"
EndProject
Project("{9A19103F-16F7-4668-BE54-9A1E7A4F7556}") = "SecretsManager.Reader", "src\SecretsManager.Reader\SecretsManager.Reader.csproj", "{1998C601-4401-4538-80E7-841264D545E2}"
EndProject
Project("{9A19103F-16F7-4668-BE54-9A1E7A4F7556}") = "SecretsManager.WeatherApi", "src\SecretsManager.WeatherApi\SecretsManager.WeatherApi.csproj", "{9202922E-EC79-44D7-990E-134F03DA85CC}"
EndProject
Project("{2150E333-8FDC-42A3-9474-1A3956D46DE8}") = "Lambda", "Lambda", "{0746FF5E-4ACD-413A-9062-B3BD51187A64}"
EndProject
Project("{9A19103F-16F7-4668-BE54-9A1E7A4F7556}") = "Lambda.SimpleLambda", "src\Lambda.SimpleLambda\src\Lambda.SimpleLambda\Lambda.SimpleLambda.csproj", "{471B83F8-9B4A-4341-A414-544414DA5789}"
EndProject
Project("{9A19103F-16F7-4668-BE54-9A1E7A4F7556}") = "Lambda.SimpleHttp", "src\Lambda.SimpleHttp\src\Lambda.SimpleHttp\Lambda.SimpleHttp.csproj", "{C45B2E9F-1EDD-4849-B955-FAD3F712077A}"
EndProject
Project("{FAE04EC0-301F-11D3-BF4B-00C04F79EFBC}") = "Lambda.SimpleSQS", "src\Lambda.SimpleSQS\src\Lambda.SimpleSQS\Lambda.SimpleSQS.csproj", "{ABC6B5C5-D17E-493C-AF5B-DCAB5A67E974}"
EndProject
Project("{FAE04EC0-301F-11D3-BF4B-00C04F79EFBC}") = "Lambda.SimpleSNS", "src\Lambda.SimpleSNS\src\Lambda.SimpleSNS\Lambda.SimpleSNS.csproj", "{EC489EB1-40EA-4361-A688-1A78833B6C46}"
EndProject
Project("{FAE04EC0-301F-11D3-BF4B-00C04F79EFBC}") = "Lambda.DynamoDB", "src\Lambda.DynamoDB\src\Lambda.DynamoDB\Lambda.DynamoDB.csproj", "{0CC334CF-2B8B-4083-B6CB-774DFB901046}"
EndProject
Project("{FAE04EC0-301F-11D3-BF4B-00C04F79EFBC}") = "Lambda.SimpleS3", "src\Lambda.SimpleS3\src\Lambda.SimpleS3\Lambda.SimpleS3.csproj", "{55F5CB6B-1FEF-4A89-A02B-01D3E3E99D93}"
EndProject
Global
	GlobalSection(SolutionConfigurationPlatforms) = preSolution
		Debug|Any CPU = Debug|Any CPU
		Release|Any CPU = Release|Any CPU
	EndGlobalSection
	GlobalSection(ProjectConfigurationPlatforms) = postSolution
		{355D69DA-B732-4661-BAC6-85B8D292B051}.Debug|Any CPU.ActiveCfg = Debug|Any CPU
		{355D69DA-B732-4661-BAC6-85B8D292B051}.Debug|Any CPU.Build.0 = Debug|Any CPU
		{355D69DA-B732-4661-BAC6-85B8D292B051}.Release|Any CPU.ActiveCfg = Release|Any CPU
		{355D69DA-B732-4661-BAC6-85B8D292B051}.Release|Any CPU.Build.0 = Release|Any CPU
		{4297BD8D-7AE6-4C3D-92CF-75B803D20841}.Debug|Any CPU.ActiveCfg = Debug|Any CPU
		{4297BD8D-7AE6-4C3D-92CF-75B803D20841}.Debug|Any CPU.Build.0 = Debug|Any CPU
		{4297BD8D-7AE6-4C3D-92CF-75B803D20841}.Release|Any CPU.ActiveCfg = Release|Any CPU
		{4297BD8D-7AE6-4C3D-92CF-75B803D20841}.Release|Any CPU.Build.0 = Release|Any CPU
		{A02A5A52-9E50-4DD6-9DC8-C3330CAC4839}.Debug|Any CPU.ActiveCfg = Debug|Any CPU
		{A02A5A52-9E50-4DD6-9DC8-C3330CAC4839}.Debug|Any CPU.Build.0 = Debug|Any CPU
		{A02A5A52-9E50-4DD6-9DC8-C3330CAC4839}.Release|Any CPU.ActiveCfg = Release|Any CPU
		{A02A5A52-9E50-4DD6-9DC8-C3330CAC4839}.Release|Any CPU.Build.0 = Release|Any CPU
		{831A5969-6406-496B-8A7B-2373BBA9B44F}.Debug|Any CPU.ActiveCfg = Debug|Any CPU
		{831A5969-6406-496B-8A7B-2373BBA9B44F}.Debug|Any CPU.Build.0 = Debug|Any CPU
		{831A5969-6406-496B-8A7B-2373BBA9B44F}.Release|Any CPU.ActiveCfg = Release|Any CPU
		{831A5969-6406-496B-8A7B-2373BBA9B44F}.Release|Any CPU.Build.0 = Release|Any CPU
		{BB366434-FBCA-4346-8C3B-46971612390C}.Debug|Any CPU.ActiveCfg = Debug|Any CPU
		{BB366434-FBCA-4346-8C3B-46971612390C}.Debug|Any CPU.Build.0 = Debug|Any CPU
		{BB366434-FBCA-4346-8C3B-46971612390C}.Release|Any CPU.ActiveCfg = Release|Any CPU
		{BB366434-FBCA-4346-8C3B-46971612390C}.Release|Any CPU.Build.0 = Release|Any CPU
		{C3966CF3-2126-4F4E-B3B0-4EF7D235EEC8}.Debug|Any CPU.ActiveCfg = Debug|Any CPU
		{C3966CF3-2126-4F4E-B3B0-4EF7D235EEC8}.Debug|Any CPU.Build.0 = Debug|Any CPU
		{C3966CF3-2126-4F4E-B3B0-4EF7D235EEC8}.Release|Any CPU.ActiveCfg = Release|Any CPU
		{C3966CF3-2126-4F4E-B3B0-4EF7D235EEC8}.Release|Any CPU.Build.0 = Release|Any CPU
		{1998C601-4401-4538-80E7-841264D545E2}.Debug|Any CPU.ActiveCfg = Debug|Any CPU
		{1998C601-4401-4538-80E7-841264D545E2}.Debug|Any CPU.Build.0 = Debug|Any CPU
		{1998C601-4401-4538-80E7-841264D545E2}.Release|Any CPU.ActiveCfg = Release|Any CPU
		{1998C601-4401-4538-80E7-841264D545E2}.Release|Any CPU.Build.0 = Release|Any CPU
		{9202922E-EC79-44D7-990E-134F03DA85CC}.Debug|Any CPU.ActiveCfg = Debug|Any CPU
		{9202922E-EC79-44D7-990E-134F03DA85CC}.Debug|Any CPU.Build.0 = Debug|Any CPU
		{9202922E-EC79-44D7-990E-134F03DA85CC}.Release|Any CPU.ActiveCfg = Release|Any CPU
		{9202922E-EC79-44D7-990E-134F03DA85CC}.Release|Any CPU.Build.0 = Release|Any CPU
		{471B83F8-9B4A-4341-A414-544414DA5789}.Debug|Any CPU.ActiveCfg = Debug|Any CPU
		{471B83F8-9B4A-4341-A414-544414DA5789}.Debug|Any CPU.Build.0 = Debug|Any CPU
		{471B83F8-9B4A-4341-A414-544414DA5789}.Release|Any CPU.ActiveCfg = Release|Any CPU
		{471B83F8-9B4A-4341-A414-544414DA5789}.Release|Any CPU.Build.0 = Release|Any CPU
		{C45B2E9F-1EDD-4849-B955-FAD3F712077A}.Debug|Any CPU.ActiveCfg = Debug|Any CPU
		{C45B2E9F-1EDD-4849-B955-FAD3F712077A}.Debug|Any CPU.Build.0 = Debug|Any CPU
		{C45B2E9F-1EDD-4849-B955-FAD3F712077A}.Release|Any CPU.ActiveCfg = Release|Any CPU
		{C45B2E9F-1EDD-4849-B955-FAD3F712077A}.Release|Any CPU.Build.0 = Release|Any CPU
		{ABC6B5C5-D17E-493C-AF5B-DCAB5A67E974}.Debug|Any CPU.ActiveCfg = Debug|Any CPU
		{ABC6B5C5-D17E-493C-AF5B-DCAB5A67E974}.Debug|Any CPU.Build.0 = Debug|Any CPU
		{ABC6B5C5-D17E-493C-AF5B-DCAB5A67E974}.Release|Any CPU.ActiveCfg = Release|Any CPU
		{ABC6B5C5-D17E-493C-AF5B-DCAB5A67E974}.Release|Any CPU.Build.0 = Release|Any CPU
		{EC489EB1-40EA-4361-A688-1A78833B6C46}.Debug|Any CPU.ActiveCfg = Debug|Any CPU
		{EC489EB1-40EA-4361-A688-1A78833B6C46}.Debug|Any CPU.Build.0 = Debug|Any CPU
		{EC489EB1-40EA-4361-A688-1A78833B6C46}.Release|Any CPU.ActiveCfg = Release|Any CPU
		{EC489EB1-40EA-4361-A688-1A78833B6C46}.Release|Any CPU.Build.0 = Release|Any CPU
		{0CC334CF-2B8B-4083-B6CB-774DFB901046}.Debug|Any CPU.ActiveCfg = Debug|Any CPU
		{0CC334CF-2B8B-4083-B6CB-774DFB901046}.Debug|Any CPU.Build.0 = Debug|Any CPU
		{0CC334CF-2B8B-4083-B6CB-774DFB901046}.Release|Any CPU.ActiveCfg = Release|Any CPU
		{0CC334CF-2B8B-4083-B6CB-774DFB901046}.Release|Any CPU.Build.0 = Release|Any CPU
		{55F5CB6B-1FEF-4A89-A02B-01D3E3E99D93}.Debug|Any CPU.ActiveCfg = Debug|Any CPU
		{55F5CB6B-1FEF-4A89-A02B-01D3E3E99D93}.Debug|Any CPU.Build.0 = Debug|Any CPU
		{55F5CB6B-1FEF-4A89-A02B-01D3E3E99D93}.Release|Any CPU.ActiveCfg = Release|Any CPU
		{55F5CB6B-1FEF-4A89-A02B-01D3E3E99D93}.Release|Any CPU.Build.0 = Release|Any CPU
	EndGlobalSection
	GlobalSection(SolutionProperties) = preSolution
		HideSolutionNode = FALSE
	EndGlobalSection
	GlobalSection(NestedProjects) = preSolution
		{CBEED992-D62E-433C-AE0D-A1A7C8FF9AC1} = {BC857A07-E75F-4F5D-A4C5-077FA2FFDC87}
		{355D69DA-B732-4661-BAC6-85B8D292B051} = {BC857A07-E75F-4F5D-A4C5-077FA2FFDC87}
		{4297BD8D-7AE6-4C3D-92CF-75B803D20841} = {CBEED992-D62E-433C-AE0D-A1A7C8FF9AC1}
		{A02A5A52-9E50-4DD6-9DC8-C3330CAC4839} = {BC857A07-E75F-4F5D-A4C5-077FA2FFDC87}
		{831A5969-6406-496B-8A7B-2373BBA9B44F} = {CBEED992-D62E-433C-AE0D-A1A7C8FF9AC1}
		{1C62A9ED-9527-43FE-9036-197C8A3C4B42} = {BC857A07-E75F-4F5D-A4C5-077FA2FFDC87}
		{BB366434-FBCA-4346-8C3B-46971612390C} = {1C62A9ED-9527-43FE-9036-197C8A3C4B42}
		{6EE6CD92-B848-491A-97D3-A7BEC2F18A00} = {BC857A07-E75F-4F5D-A4C5-077FA2FFDC87}
		{C3966CF3-2126-4F4E-B3B0-4EF7D235EEC8} = {6EE6CD92-B848-491A-97D3-A7BEC2F18A00}
		{E81C4494-DB2A-444A-971A-CEF8C2885EFA} = {BC857A07-E75F-4F5D-A4C5-077FA2FFDC87}
		{1998C601-4401-4538-80E7-841264D545E2} = {E81C4494-DB2A-444A-971A-CEF8C2885EFA}
		{9202922E-EC79-44D7-990E-134F03DA85CC} = {E81C4494-DB2A-444A-971A-CEF8C2885EFA}
		{0746FF5E-4ACD-413A-9062-B3BD51187A64} = {BC857A07-E75F-4F5D-A4C5-077FA2FFDC87}
		{471B83F8-9B4A-4341-A414-544414DA5789} = {0746FF5E-4ACD-413A-9062-B3BD51187A64}
		{C45B2E9F-1EDD-4849-B955-FAD3F712077A} = {0746FF5E-4ACD-413A-9062-B3BD51187A64}
		{ABC6B5C5-D17E-493C-AF5B-DCAB5A67E974} = {0746FF5E-4ACD-413A-9062-B3BD51187A64}
		{EC489EB1-40EA-4361-A688-1A78833B6C46} = {0746FF5E-4ACD-413A-9062-B3BD51187A64}
		{0CC334CF-2B8B-4083-B6CB-774DFB901046} = {0746FF5E-4ACD-413A-9062-B3BD51187A64}
		{55F5CB6B-1FEF-4A89-A02B-01D3E3E99D93} = {0746FF5E-4ACD-413A-9062-B3BD51187A64}
	EndGlobalSection
	GlobalSection(ExtensibilityGlobals) = postSolution
		SolutionGuid = {EF560871-7349-448F-A754-BE5D74583C95}
	EndGlobalSection
EndGlobal
